
Microsoft Visual Studio Solution File, Format Version 12.00
# Visual Studio Version 16
VisualStudioVersion = 16.0.30011.22
MinimumVisualStudioVersion = 10.0.40219.1
Project("{FAE04EC0-301F-11D3-BF4B-00C04F79EFBC}") = "TCPSocketClientApp", "TCPSocketClientApp\TCPSocketClientApp.csproj", "{F88C86FD-5236-4223-AFD3-FCD71F452215}"
EndProject
Global
	GlobalSection(SolutionConfigurationPlatforms) = preSolution
		Debug|Any CPU = Debug|Any CPU
		Release|Any CPU = Release|Any CPU
	EndGlobalSection
	GlobalSection(ProjectConfigurationPlatforms) = postSolution
		{F88C86FD-5236-4223-AFD3-FCD71F452215}.Debug|Any CPU.ActiveCfg = Debug|Any CPU
		{F88C86FD-5236-4223-AFD3-FCD71F452215}.Debug|Any CPU.Build.0 = Debug|Any CPU
		{F88C86FD-5236-4223-AFD3-FCD71F452215}.Release|Any CPU.ActiveCfg = Release|Any CPU
		{F88C86FD-5236-4223-AFD3-FCD71F452215}.Release|Any CPU.Build.0 = Release|Any CPU
	EndGlobalSection
	GlobalSection(SolutionProperties) = preSolution
		HideSolutionNode = FALSE
	EndGlobalSection
	GlobalSection(ExtensibilityGlobals) = postSolution
		SolutionGuid = {0C09C6B5-E2BB-4771-B261-9858A9158296}
	EndGlobalSection
EndGlobal
